<?xml version="1.0" encoding="UTF-8" standalone="yes" ?>
<CodeBlocks_project_file>
	<FileVersion major="1" minor="6" />
	<Project>
		<Option title="pulsar-webrtc" />
		<Option pch_mode="2" />
		<Option compiler="gcc" />
		<Build>
			<Target title="Debug">
				<Option output="bin/Debug/pulsar-webrtc" prefix_auto="1" extension_auto="1" />
				<Option object_output="obj/Debug/" />
				<Option type="1" />
				<Option compiler="gcc" />
				<Compiler>
					<Add option="-g" />
					<Add directory="/home/ubuntu/webrtc-checkout/src/" />
				</Compiler>
			</Target>
			<Target title="Release">
				<Option output="bin/Release/pulsar-webrtc" prefix_auto="1" extension_auto="1" />
				<Option object_output="obj/Release/" />
				<Option type="1" />
				<Option compiler="gcc" />
				<Compiler>
					<Add option="-O2" />
				</Compiler>
				<Linker>
					<Add option="-s" />
				</Linker>
			</Target>
		</Build>
		<Compiler>
			<Add option="-Wall" />
		</Compiler>
		<Unit filename="BUILD.gn" />
		<Unit filename="Dockerfile" />
		<Unit filename="easywsclient.cpp" />
		<Unit filename="easywsclient.hpp" />
		<Unit filename="interacting_event_manager.cpp" />
		<Unit filename="interacting_event_manager.h" />
		<Unit filename="main.cpp" />
		<Unit filename="pulsar-webrtc.cbp" />
		<Unit filename="pulsar-webrtc.layout" />
		<Unit filename="pulsar_desktop_capturer.cpp" />
		<Unit filename="pulsar_desktop_capturer.h" />
		<Unit filename="pulsar_webrtc_connection.cpp" />
		<Unit filename="pulsar_webrtc_connection.h" />
		<Unit filename="start.sh" />
		<Extensions>
			<code_completion />
			<debugger />
			<envvars />
		</Extensions>
	</Project>
</CodeBlocks_project_file>
